{
    "_readme": [
        "This file locks the dependencies of your project to a known state",
        "Read more about it at https://getcomposer.org/doc/01-basic-usage.md#composer-lock-the-lock-file",
        "This file is @generated automatically"
    ],
    "hash": "5ea8b45cde7570c77258611f0229f832",
    "content-hash": "97e8e90bc47bcdeb546d729766f74b21",
    "packages": [
        {
            "name": "eloquent/composer-npm-bridge",
            "version": "3.0.1",
            "source": {
                "type": "git",
                "url": "https://github.com/eloquent/composer-npm-bridge.git",
                "reference": "8bcaa15d94e7d44e7f772112fd7096fc1f111e0c"
            },
            "dist": {
                "type": "zip",
                "url": "https://api.github.com/repos/eloquent/composer-npm-bridge/zipball/8bcaa15d94e7d44e7f772112fd7096fc1f111e0c",
                "reference": "8bcaa15d94e7d44e7f772112fd7096fc1f111e0c",
                "shasum": ""
            },
            "require": {
                "composer-plugin-api": "^1",
                "php": ">=5.3"
            },
            "require-dev": {
                "composer/composer": "dev-master",
                "eloquent/phony": "^0.8",
                "icecave/archer": "dev-develop",
                "phpunit/phpunit": "^4"
            },
            "type": "composer-plugin",
            "extra": {
                "class": "Eloquent\\Composer\\NpmBridge\\NpmBridgePlugin"
            },
            "autoload": {
                "psr-4": {
                    "Eloquent\\Composer\\NpmBridge\\": "src"
                }
            },
            "notification-url": "https://packagist.org/downloads/",
            "license": [
                "MIT"
            ],
            "authors": [
                {
                    "name": "Erin Millard",
                    "email": "ezzatron@gmail.com",
                    "homepage": "http://ezzatron.com/"
                }
            ],
            "description": "NPM integration for Composer packages.",
            "homepage": "https://github.com/eloquent/composer-npm-bridge",
            "keywords": [
                "Bridge",
                "composer",
                "composer-plugin",
                "integration",
                "npm",
                "package",
                "plugin"
            ],
            "time": "2016-02-22 02:25:21"
        },
        {
            "name": "fxp/composer-asset-plugin",
            "version": "v1.1.4",
            "source": {
                "type": "git",
                "url": "https://github.com/fxpio/composer-asset-plugin.git",
                "reference": "c3d803cc890fad5a7fb61a4036c5d973faae34af"
            },
            "dist": {
                "type": "zip",
                "url": "https://api.github.com/repos/fxpio/composer-asset-plugin/zipball/c3d803cc890fad5a7fb61a4036c5d973faae34af",
                "reference": "c3d803cc890fad5a7fb61a4036c5d973faae34af",
                "shasum": ""
            },
            "require": {
                "composer-plugin-api": "^1.0",
                "php": ">=5.3.3"
            },
            "require-dev": {
                "composer/composer": "^1.0.0"
            },
            "type": "composer-plugin",
            "extra": {
                "class": "Fxp\\Composer\\AssetPlugin\\FxpAssetPlugin",
                "branch-alias": {
                    "dev-master": "1.1-dev"
                }
            },
            "autoload": {
                "psr-4": {
                    "Fxp\\Composer\\AssetPlugin\\": ""
                }
            },
            "notification-url": "https://packagist.org/downloads/",
            "license": [
                "MIT"
            ],
            "authors": [
                {
                    "name": "François Pluchino",
                    "email": "francois.pluchino@gmail.com"
                }
            ],
            "description": "NPM/Bower Dependency Manager for Composer",
            "homepage": "https://github.com/francoispluchino/composer-asset-plugin",
            "keywords": [
                "asset",
                "bower",
                "composer",
                "dependency manager",
                "nodejs",
                "npm",
                "package"
            ],
            "time": "2016-04-22 08:48:58"
        }
    ],
    "packages-dev": [],
    "aliases": [],
    "minimum-stability": "stable",
    "stability-flags": [],
    "prefer-stable": false,
    "prefer-lowest": false,
    "platform": [],
    "platform-dev": []
}
