{
    "_readme": [
        "This file locks the dependencies of your project to a known state",
        "Read more about it at https://getcomposer.org/doc/01-basic-usage.md#composer-lock-the-lock-file",
        "This file is @generated automatically"
    ],
    "hash": "b57dffd4198aa16faa417b1c4bd4384f",
    "content-hash": "fa91e33980356b2dd0aaec7da1a359c6",
    "packages": [
        {
            "name": "eloquent/composer-npm-bridge",
            "version": "3.0.1",
            "source": {
                "type": "git",
                "url": "https://github.com/eloquent/composer-npm-bridge.git",
                "reference": "8bcaa15d94e7d44e7f772112fd7096fc1f111e0c"
            },
            "dist": {
                "type": "zip",
                "url": "https://api.github.com/repos/eloquent/composer-npm-bridge/zipball/8bcaa15d94e7d44e7f772112fd7096fc1f111e0c",
                "reference": "8bcaa15d94e7d44e7f772112fd7096fc1f111e0c",
                "shasum": ""
            },
            "require": {
                "composer-plugin-api": "^1",
                "php": ">=5.3"
            },
            "require-dev": {
                "composer/composer": "dev-master",
                "eloquent/phony": "^0.8",
                "icecave/archer": "dev-develop",
                "phpunit/phpunit": "^4"
            },
            "type": "composer-plugin",
            "extra": {
                "class": "Eloquent\\Composer\\NpmBridge\\NpmBridgePlugin"
            },
            "autoload": {
                "psr-4": {
                    "Eloquent\\Composer\\NpmBridge\\": "src"
                }
            },
            "notification-url": "https://packagist.org/downloads/",
            "license": [
                "MIT"
            ],
            "authors": [
                {
                    "name": "Erin Millard",
                    "email": "ezzatron@gmail.com",
                    "homepage": "http://ezzatron.com/"
                }
            ],
            "description": "NPM integration for Composer packages.",
            "homepage": "https://github.com/eloquent/composer-npm-bridge",
            "keywords": [
                "Bridge",
                "composer",
                "composer-plugin",
                "integration",
                "npm",
                "package",
                "plugin"
            ],
            "time": "2016-02-22 02:25:21"
        }
    ],
    "packages-dev": [],
    "aliases": [],
    "minimum-stability": "stable",
    "stability-flags": [],
    "prefer-stable": false,
    "prefer-lowest": false,
    "platform": [],
    "platform-dev": []
}
